<?xml version="1.0" encoding="utf-8"?>
<Project ToolsVersion="4.0" xmlns="http://schemas.microsoft.com/developer/msbuild/2003">
  <ItemGroup>
    <Filter Include="源文件">
      <UniqueIdentifier>{4FC737F1-C7A5-4376-A066-2A32D752A2FF}</UniqueIdentifier>
      <Extensions>cpp;c;cc;cxx;c++;cppm;ixx;def;odl;idl;hpj;bat;asm;asmx</Extensions>
    </Filter>
    <Filter Include="头文件">
      <UniqueIdentifier>{93995380-89BD-4b04-88EB-625FBE52EBFB}</UniqueIdentifier>
      <Extensions>h;hh;hpp;hxx;h++;hm;inl;inc;ipp;xsd</Extensions>
    </Filter>
    <Filter Include="资源文件">
      <UniqueIdentifier>{67DA6AB6-F800-4c08-8B7A-83BB121AAD01}</UniqueIdentifier>
      <Extensions>rc;ico;cur;bmp;dlg;rc2;rct;bin;rgs;gif;jpg;jpeg;jpe;resx;tiff;tif;png;wav;mfcribbon-ms</Extensions>
    </Filter>
    <Filter Include="源文件\ServerSideKey">
      <UniqueIdentifier>{dd95f246-8da9-4e4f-8975-1b6cfd539df5}</UniqueIdentifier>
    </Filter>
    <Filter Include="源文件\ServerSidePointer">
      <UniqueIdentifier>{807bd48c-9c5b-4499-92a9-0cc9b0169b5c}</UniqueIdentifier>
    </Filter>
  </ItemGroup>
  <ItemGroup>
    <ClInclude Include="framework.h">
      <Filter>头文件</Filter>
    </ClInclude>
    <ClInclude Include="targetver.h">
      <Filter>头文件</Filter>
    </ClInclude>
    <ClInclude Include="Resource.h">
      <Filter>头文件</Filter>
    </ClInclude>
    <ClInclude Include="vncviewer.h">
      <Filter>头文件</Filter>
    </ClInclude>
    <ClInclude Include="ClientConnection.h">
      <Filter>源文件</Filter>
    </ClInclude>
    <ClInclude Include="KeyMap.h">
      <Filter>源文件</Filter>
    </ClInclude>
    <ClInclude Include="keysym.h">
      <Filter>源文件</Filter>
    </ClInclude>
    <ClInclude Include="keysymdef.h">
      <Filter>源文件</Filter>
    </ClInclude>
    <ClInclude Include="vncKeymap.h">
      <Filter>源文件\ServerSideKey</Filter>
    </ClInclude>
    <ClInclude Include="pointerProc.h">
      <Filter>源文件\ServerSidePointer</Filter>
    </ClInclude>
    <ClInclude Include="messageProto.h">
      <Filter>源文件</Filter>
    </ClInclude>
    <ClInclude Include="bitmap.h">
      <Filter>源文件</Filter>
    </ClInclude>
    <ClInclude Include="common_utils.h">
      <Filter>源文件</Filter>
    </ClInclude>
    <ClInclude Include="clipboard.h">
      <Filter>源文件</Filter>
    </ClInclude>
    <ClInclude Include="work_thread.h">
      <Filter>源文件</Filter>
    </ClInclude>
  </ItemGroup>
  <ItemGroup>
    <ClCompile Include="vncviewer.cpp">
      <Filter>源文件</Filter>
    </ClCompile>
    <ClCompile Include="ClientConnection.cpp">
      <Filter>源文件</Filter>
    </ClCompile>
    <ClCompile Include="KeyMap.cpp">
      <Filter>源文件</Filter>
    </ClCompile>
    <ClCompile Include="vncKeymap.cpp">
      <Filter>源文件\ServerSideKey</Filter>
    </ClCompile>
    <ClCompile Include="pointerProc.cpp">
      <Filter>源文件\ServerSidePointer</Filter>
    </ClCompile>
    <ClCompile Include="common_utils.cc">
      <Filter>源文件</Filter>
    </ClCompile>
  </ItemGroup>
  <ItemGroup>
    <ResourceCompile Include="vncviewer.rc">
      <Filter>资源文件</Filter>
    </ResourceCompile>
  </ItemGroup>
  <ItemGroup>
    <Image Include="small.ico">
      <Filter>资源文件</Filter>
    </Image>
    <Image Include="vncviewer.ico">
      <Filter>资源文件</Filter>
    </Image>
  </ItemGroup>
  <ItemGroup>
    <None Include="x64\Debug\cursor1.cur">
      <Filter>资源文件</Filter>
    </None>
  </ItemGroup>
</Project>